
Microsoft Visual Studio Solution File, Format Version 12.00
# Visual Studio Version 17
VisualStudioVersion = 17.9.34728.123
MinimumVisualStudioVersion = 10.0.40219.1
Project("{FAE04EC0-301F-11D3-BF4B-00C04F79EFBC}") = "Labb2 -Animals", "Labb2 -Animals.csproj", "{B0218F67-E261-4C59-BDE7-A16656F1E54E}"
EndProject
Global
	GlobalSection(SolutionConfigurationPlatforms) = preSolution
		Debug|Any CPU = Debug|Any CPU
		Release|Any CPU = Release|Any CPU
	EndGlobalSection
	GlobalSection(ProjectConfigurationPlatforms) = postSolution
		{B0218F67-E261-4C59-BDE7-A16656F1E54E}.Debug|Any CPU.ActiveCfg = Debug|Any CPU
		{B0218F67-E261-4C59-BDE7-A16656F1E54E}.Debug|Any CPU.Build.0 = Debug|Any CPU
		{B0218F67-E261-4C59-BDE7-A16656F1E54E}.Release|Any CPU.ActiveCfg = Release|Any CPU
		{B0218F67-E261-4C59-BDE7-A16656F1E54E}.Release|Any CPU.Build.0 = Release|Any CPU
	EndGlobalSection
	GlobalSection(SolutionProperties) = preSolution
		HideSolutionNode = FALSE
	EndGlobalSection
	GlobalSection(ExtensibilityGlobals) = postSolution
		SolutionGuid = {920AB2BA-57A3-466F-AE50-473BC6FBDB23}
	EndGlobalSection
EndGlobal
